
Microsoft Visual Studio Solution File, Format Version 12.00
# Visual Studio Version 17
VisualStudioVersion = 17.5.002.0
MinimumVisualStudioVersion = 10.0.40219.1
Project("{FAE04EC0-301F-11D3-BF4B-00C04F79EFBC}") = "RpgApi.api", "RpgApi.api\RpgApi.api.csproj", "{73081B19-0F5E-443E-890F-8AB6EA767116}"
EndProject
Global
	GlobalSection(SolutionConfigurationPlatforms) = preSolution
		Debug|Any CPU = Debug|Any CPU
		Release|Any CPU = Release|Any CPU
	EndGlobalSection
	GlobalSection(ProjectConfigurationPlatforms) = postSolution
		{5C1A724D-362A-4BBE-8235-D0D7B5B9E042}.Debug|Any CPU.ActiveCfg = Debug|Any CPU
		{5C1A724D-362A-4BBE-8235-D0D7B5B9E042}.Debug|Any CPU.Build.0 = Debug|Any CPU
		{5C1A724D-362A-4BBE-8235-D0D7B5B9E042}.Release|Any CPU.ActiveCfg = Release|Any CPU
		{5C1A724D-362A-4BBE-8235-D0D7B5B9E042}.Release|Any CPU.Build.0 = Release|Any CPU
		{73081B19-0F5E-443E-890F-8AB6EA767116}.Debug|Any CPU.ActiveCfg = Debug|Any CPU
		{73081B19-0F5E-443E-890F-8AB6EA767116}.Debug|Any CPU.Build.0 = Debug|Any CPU
		{73081B19-0F5E-443E-890F-8AB6EA767116}.Release|Any CPU.ActiveCfg = Release|Any CPU
		{73081B19-0F5E-443E-890F-8AB6EA767116}.Release|Any CPU.Build.0 = Release|Any CPU
	EndGlobalSection
	GlobalSection(SolutionProperties) = preSolution
		HideSolutionNode = FALSE
	EndGlobalSection
	GlobalSection(ExtensibilityGlobals) = postSolution
		SolutionGuid = {6D65A90E-CDFF-4B79-85EC-3FBFA09F0B59}
	EndGlobalSection
EndGlobal
